
Microsoft Visual Studio Solution File, Format Version 11.00
# Visual Studio 2010
Project("{2150E333-8FDC-42A3-9474-1A3956D46DE8}") = "1-Layers", "1-Layers", "{4FDFAFD6-0002-4858-8DE8-B6CF9B23CFB4}"
EndProject
Project("{2150E333-8FDC-42A3-9474-1A3956D46DE8}") = "1.1-Infrastructure", "1.1-Infrastructure", "{3DDFB2F3-C110-4F23-8A41-1EED592AAA69}"
EndProject
Project("{2150E333-8FDC-42A3-9474-1A3956D46DE8}") = "1.1.1-CrossCutting", "1.1.1-CrossCutting", "{872999EA-7225-422E-A94D-6D60F8BE8723}"
EndProject
Project("{2150E333-8FDC-42A3-9474-1A3956D46DE8}") = "1.1.1.1-CrossCutting.Seedwork", "1.1.1.1-CrossCutting.Seedwork", "{51362487-633E-4E00-A5D4-61C7208C60E7}"
EndProject
Project("{FAE04EC0-301F-11D3-BF4B-00C04F79EFBC}") = "Infrastructure.Crosscutting", "Infrastructure.Crosscutting\Infrastructure.Crosscutting.csproj", "{106C7F00-C03F-4E29-87AF-ACD1BA292078}"
EndProject
Project("{FAE04EC0-301F-11D3-BF4B-00C04F79EFBC}") = "Infrastructure.Crosscutting.NetFramework", "Infrastructure.Crosscutting.NetFramework\Infrastructure.Crosscutting.NetFramework.csproj", "{81CAB7AA-5235-42DB-82E6-2B4A0A1F9987}"
EndProject
Project("{FAE04EC0-301F-11D3-BF4B-00C04F79EFBC}") = "Infrastructure.Crosscutting.Tests", "Infrastructure.Crosscutting.Tests\Infrastructure.Crosscutting.Tests.csproj", "{7F302C0B-7C20-4CED-8E9A-C35E28C81889}"
EndProject
Project("{2150E333-8FDC-42A3-9474-1A3956D46DE8}") = "1.2-Domain", "1.2-Domain", "{71F6074F-00FF-4A1D-877C-42B4648C4274}"
EndProject
Project("{2150E333-8FDC-42A3-9474-1A3956D46DE8}") = "1.2.1-Seedwork", "1.2.1-Seedwork", "{B1BF9FF8-A09D-4B45-A0ED-CC7EAF4DA1A3}"
EndProject
Project("{FAE04EC0-301F-11D3-BF4B-00C04F79EFBC}") = "Domain.Seedwork", "Domain.Seedwork\Domain.Seedwork.csproj", "{04D675A3-B794-44BD-A25C-673BB44739CB}"
EndProject
Project("{FAE04EC0-301F-11D3-BF4B-00C04F79EFBC}") = "Domain.Seedwork.Tests", "Domain.Seedwork.Tests\Domain.Seedwork.Tests.csproj", "{5183434D-BBD0-47FE-9ECE-A58C4AF5E914}"
EndProject
Project("{2150E333-8FDC-42A3-9474-1A3956D46DE8}") = "1.1.2-Data", "1.1.2-Data", "{9752EA78-4F32-416F-AB36-FA9A5BC85756}"
EndProject
Project("{2150E333-8FDC-42A3-9474-1A3956D46DE8}") = "1.1.2.1-Data.Seedwork", "1.1.2.1-Data.Seedwork", "{2A63B949-3E6A-4C33-9C55-A889DA774E02}"
EndProject
Project("{FAE04EC0-301F-11D3-BF4B-00C04F79EFBC}") = "Infrastructure.Data.Seedwork", "Infrastructure.Data.Seedwork\Infrastructure.Data.Seedwork.csproj", "{09AAF2C8-47DC-4F12-A3A0-130DCDB1495B}"
EndProject
Project("{FAE04EC0-301F-11D3-BF4B-00C04F79EFBC}") = "Infrastructure.CrossCutting.IoC", "Infrastructure.CrossCutting.IoC\Infrastructure.CrossCutting.IoC.csproj", "{4C9F89CE-4D69-4CC9-B8AB-602CC69D1549}"
EndProject
Project("{2150E333-8FDC-42A3-9474-1A3956D46DE8}") = "1.1.1.2-CrossCutting.Presentation", "1.1.1.2-CrossCutting.Presentation", "{932DB38A-6D68-4DE6-9AE4-A64D0DBD9538}"
EndProject
Project("{FAE04EC0-301F-11D3-BF4B-00C04F79EFBC}") = "Infrastructure.CrossCutting.Web", "Infrastructure.CrossCutting.Web\Infrastructure.CrossCutting.Web.csproj", "{DEE5E8A5-D459-4077-AF31-9F184A20BF79}"
EndProject
Project("{FAE04EC0-301F-11D3-BF4B-00C04F79EFBC}") = "Infrastructure.CrossCutting.Wpf", "Infrastructure.CrossCutting.Wpf\Infrastructure.CrossCutting.Wpf.csproj", "{DA3104C8-3CA7-4A8E-A434-E9A64D5A490A}"
EndProject
Project("{FAE04EC0-301F-11D3-BF4B-00C04F79EFBC}") = "Infrastructure.CrossCutting.Winfrom", "Infrastructure.CrossCutting.Winfrom\Infrastructure.CrossCutting.Winfrom.csproj", "{362BCA31-F187-4023-A9E6-C76417A7C9C9}"
EndProject
Project("{2150E333-8FDC-42A3-9474-1A3956D46DE8}") = "1.4-Distributed Services", "1.4-Distributed Services", "{50CBE1AE-0CEE-4873-B9D1-EEABC7CF21BE}"
EndProject
Project("{FAE04EC0-301F-11D3-BF4B-00C04F79EFBC}") = "Infrastructure.Data.Core", "Infrastructure.Data.Core\Infrastructure.Data.Core.csproj", "{1B99F045-E694-4590-9308-3549A65CE3C0}"
EndProject
Project("{2150E333-8FDC-42A3-9474-1A3956D46DE8}") = "1.1.2.2-Data.DataAccess", "1.1.2.2-Data.DataAccess", "{56E42573-65AC-4467-9061-6B8C5219F658}"
EndProject
Project("{FAE04EC0-301F-11D3-BF4B-00C04F79EFBC}") = "Infrastructure.Data.Ef", "Infrastructure.Data.EF\Infrastructure.Data.Ef.csproj", "{E2029314-D463-46F3-8293-EB045E5CF17A}"
EndProject
Project("{FAE04EC0-301F-11D3-BF4B-00C04F79EFBC}") = "Infrastructure.Data.NHibernate", "Infrastructure.Data.NHibernate\Infrastructure.Data.NHibernate.csproj", "{D5A24C13-39D3-4A38-84B0-1DD28F2A26A3}"
EndProject
Project("{FAE04EC0-301F-11D3-BF4B-00C04F79EFBC}") = "Infrastructure.Data.Ado", "Infrastructure.Data.Ado\Infrastructure.Data.Ado.csproj", "{DB1A84DC-06FA-4396-9CA0-E7D7C9833EBA}"
EndProject
Project("{2150E333-8FDC-42A3-9474-1A3956D46DE8}") = "2-Test", "2-Test", "{1ADC78DC-FB84-44D3-BE5E-EA5827C9E423}"
EndProject
Project("{2150E333-8FDC-42A3-9474-1A3956D46DE8}") = "2.1-Infrastructure", "2.1-Infrastructure", "{3060CE7A-406F-4488-BA8D-94E62E0A1671}"
EndProject
Project("{2150E333-8FDC-42A3-9474-1A3956D46DE8}") = "2.1.1-CrossCutting", "2.1.1-CrossCutting", "{78CE976A-AF9A-4702-BD0A-D044D7105F83}"
EndProject
Project("{2150E333-8FDC-42A3-9474-1A3956D46DE8}") = "2.1.1.1-CrossCutting.Seedwork", "2.1.1.1-CrossCutting.Seedwork", "{760B9456-1443-46C6-9C6F-B894C938B72A}"
EndProject
Project("{2150E333-8FDC-42A3-9474-1A3956D46DE8}") = "2.1.1.2-CrossCutting.Presentation", "2.1.1.2-CrossCutting.Presentation", "{5F2C748B-F534-4024-9284-4D7CEA9E52C9}"
EndProject
Project("{2150E333-8FDC-42A3-9474-1A3956D46DE8}") = "2.1.2-Data", "2.1.2-Data", "{25F1E9A8-B1EE-4125-9A92-926517BEDC74}"
EndProject
Project("{2150E333-8FDC-42A3-9474-1A3956D46DE8}") = "2.1.2.1-Data.Seedwork", "2.1.2.1-Data.Seedwork", "{AA4119C8-9F2C-49B0-8318-E37655EEC494}"
EndProject
Project("{2150E333-8FDC-42A3-9474-1A3956D46DE8}") = "2.1.2.2-Data.DataAccess", "2.1.2.2-Data.DataAccess", "{E2BF1E57-5E6C-4678-A187-22F2BCC89C4A}"
EndProject
Project("{2150E333-8FDC-42A3-9474-1A3956D46DE8}") = "2.2-Domain", "2.2-Domain", "{04E88768-E790-4D06-B2D9-43595B4AEA1B}"
EndProject
Project("{2150E333-8FDC-42A3-9474-1A3956D46DE8}") = "2.2.1-Seedwork", "2.2.1-Seedwork", "{CE851D49-5626-4DB5-A527-18CEA44DB8AA}"
EndProject
Project("{FAE04EC0-301F-11D3-BF4B-00C04F79EFBC}") = "Infrastructure.CrossCutting.Web.Mvc", "Infrastructure.CrossCutting.Web.Mvc\Infrastructure.CrossCutting.Web.Mvc.csproj", "{3A5063AC-F115-4849-8113-1DE1AACD61B7}"
EndProject
Project("{FAE04EC0-301F-11D3-BF4B-00C04F79EFBC}") = "Infrastructure.CrossCutting.Web.Sl", "Infrastructure.CrossCutting.Web.Sl\Infrastructure.CrossCutting.Web.Sl.csproj", "{B8E1E08A-F3BF-40C4-8C56-7887CE50C2CE}"
EndProject
Project("{FAE04EC0-301F-11D3-BF4B-00C04F79EFBC}") = "Infrastructure.Data.Ado.Test", "Infrastructure.Data.Ado.Test\Infrastructure.Data.Ado.Test.csproj", "{6F19EDB3-5775-41C7-9961-6585904046F1}"
EndProject
Project("{FAE04EC0-301F-11D3-BF4B-00C04F79EFBC}") = "Infrastructure.Data.Ef.Test", "Infrastructure.Data.Ef.Test\Infrastructure.Data.Ef.Test.csproj", "{49060B66-B145-4425-BD2A-1848072F7E1D}"
EndProject
Project("{2150E333-8FDC-42A3-9474-1A3956D46DE8}") = "0-Document", "0-Document", "{61ABA6BD-7AFA-41A4-9468-87CA42020C88}"
	ProjectSection(SolutionItems) = preProject
		ReadMe.txt = ReadMe.txt
	EndProjectSection
EndProject
Project("{FAE04EC0-301F-11D3-BF4B-00C04F79EFBC}") = "Infrastructure.Crosscutting.WinformTest", "Infrastructure.Crosscutting.WinformTest\Infrastructure.Crosscutting.WinformTest.csproj", "{F558807E-3284-41E0-B15F-4EFF81954F56}"
EndProject
Project("{FAE04EC0-301F-11D3-BF4B-00C04F79EFBC}") = "Infrastructure.Crosscutting.Security", "Infrastructure.Crosscutting.Security\Infrastructure.Crosscutting.Security.csproj", "{F51155B4-3B3C-4061-BC70-980045513CF2}"
EndProject
Project("{2150E333-8FDC-42A3-9474-1A3956D46DE8}") = "1.1.1.3-CrossCutting.Utilities", "1.1.1.3-CrossCutting.Utilities", "{E1388D5F-68DE-4627-9949-B91AC47DCB2B}"
EndProject
Project("{FAE04EC0-301F-11D3-BF4B-00C04F79EFBC}") = "Infrastructure.Crosscutting.Updater", "Infrastructure.Crosscutting.Updater\Infrastructure.Crosscutting.Updater.csproj", "{21A701D7-063B-48E9-AE2F-5586A954B830}"
EndProject
Project("{FAE04EC0-301F-11D3-BF4B-00C04F79EFBC}") = "Infrastructure.Crosscutting.Updater.Generator", "Infrastructure.Crosscutting.Updater.Generator\Infrastructure.Crosscutting.Updater.Generator.csproj", "{8B5CD550-1566-417C-8180-AA0F57AFE979}"
EndProject
Global
	GlobalSection(SolutionConfigurationPlatforms) = preSolution
		Debug|Any CPU = Debug|Any CPU
		Debug|Mixed Platforms = Debug|Mixed Platforms
		Debug|x86 = Debug|x86
		Release|Any CPU = Release|Any CPU
		Release|Mixed Platforms = Release|Mixed Platforms
		Release|x86 = Release|x86
	EndGlobalSection
	GlobalSection(ProjectConfigurationPlatforms) = postSolution
		{106C7F00-C03F-4E29-87AF-ACD1BA292078}.Debug|Any CPU.ActiveCfg = Debug|Any CPU
		{106C7F00-C03F-4E29-87AF-ACD1BA292078}.Debug|Any CPU.Build.0 = Debug|Any CPU
		{106C7F00-C03F-4E29-87AF-ACD1BA292078}.Debug|Mixed Platforms.ActiveCfg = Debug|Any CPU
		{106C7F00-C03F-4E29-87AF-ACD1BA292078}.Debug|Mixed Platforms.Build.0 = Debug|Any CPU
		{106C7F00-C03F-4E29-87AF-ACD1BA292078}.Debug|x86.ActiveCfg = Debug|Any CPU
		{106C7F00-C03F-4E29-87AF-ACD1BA292078}.Release|Any CPU.ActiveCfg = Release|Any CPU
		{106C7F00-C03F-4E29-87AF-ACD1BA292078}.Release|Any CPU.Build.0 = Release|Any CPU
		{106C7F00-C03F-4E29-87AF-ACD1BA292078}.Release|Mixed Platforms.ActiveCfg = Release|Any CPU
		{106C7F00-C03F-4E29-87AF-ACD1BA292078}.Release|Mixed Platforms.Build.0 = Release|Any CPU
		{106C7F00-C03F-4E29-87AF-ACD1BA292078}.Release|x86.ActiveCfg = Release|Any CPU
		{81CAB7AA-5235-42DB-82E6-2B4A0A1F9987}.Debug|Any CPU.ActiveCfg = Debug|Any CPU
		{81CAB7AA-5235-42DB-82E6-2B4A0A1F9987}.Debug|Any CPU.Build.0 = Debug|Any CPU
		{81CAB7AA-5235-42DB-82E6-2B4A0A1F9987}.Debug|Mixed Platforms.ActiveCfg = Debug|Any CPU
		{81CAB7AA-5235-42DB-82E6-2B4A0A1F9987}.Debug|Mixed Platforms.Build.0 = Debug|Any CPU
		{81CAB7AA-5235-42DB-82E6-2B4A0A1F9987}.Debug|x86.ActiveCfg = Debug|Any CPU
		{81CAB7AA-5235-42DB-82E6-2B4A0A1F9987}.Release|Any CPU.ActiveCfg = Release|Any CPU
		{81CAB7AA-5235-42DB-82E6-2B4A0A1F9987}.Release|Any CPU.Build.0 = Release|Any CPU
		{81CAB7AA-5235-42DB-82E6-2B4A0A1F9987}.Release|Mixed Platforms.ActiveCfg = Release|Any CPU
		{81CAB7AA-5235-42DB-82E6-2B4A0A1F9987}.Release|Mixed Platforms.Build.0 = Release|Any CPU
		{81CAB7AA-5235-42DB-82E6-2B4A0A1F9987}.Release|x86.ActiveCfg = Release|Any CPU
		{7F302C0B-7C20-4CED-8E9A-C35E28C81889}.Debug|Any CPU.ActiveCfg = Debug|Any CPU
		{7F302C0B-7C20-4CED-8E9A-C35E28C81889}.Debug|Any CPU.Build.0 = Debug|Any CPU
		{7F302C0B-7C20-4CED-8E9A-C35E28C81889}.Debug|Mixed Platforms.ActiveCfg = Debug|Any CPU
		{7F302C0B-7C20-4CED-8E9A-C35E28C81889}.Debug|Mixed Platforms.Build.0 = Debug|Any CPU
		{7F302C0B-7C20-4CED-8E9A-C35E28C81889}.Debug|x86.ActiveCfg = Debug|Any CPU
		{7F302C0B-7C20-4CED-8E9A-C35E28C81889}.Release|Any CPU.ActiveCfg = Release|Any CPU
		{7F302C0B-7C20-4CED-8E9A-C35E28C81889}.Release|Any CPU.Build.0 = Release|Any CPU
		{7F302C0B-7C20-4CED-8E9A-C35E28C81889}.Release|Mixed Platforms.ActiveCfg = Release|Any CPU
		{7F302C0B-7C20-4CED-8E9A-C35E28C81889}.Release|Mixed Platforms.Build.0 = Release|Any CPU
		{7F302C0B-7C20-4CED-8E9A-C35E28C81889}.Release|x86.ActiveCfg = Release|Any CPU
		{04D675A3-B794-44BD-A25C-673BB44739CB}.Debug|Any CPU.ActiveCfg = Debug|Any CPU
		{04D675A3-B794-44BD-A25C-673BB44739CB}.Debug|Any CPU.Build.0 = Debug|Any CPU
		{04D675A3-B794-44BD-A25C-673BB44739CB}.Debug|Mixed Platforms.ActiveCfg = Debug|Any CPU
		{04D675A3-B794-44BD-A25C-673BB44739CB}.Debug|Mixed Platforms.Build.0 = Debug|Any CPU
		{04D675A3-B794-44BD-A25C-673BB44739CB}.Debug|x86.ActiveCfg = Debug|Any CPU
		{04D675A3-B794-44BD-A25C-673BB44739CB}.Release|Any CPU.ActiveCfg = Release|Any CPU
		{04D675A3-B794-44BD-A25C-673BB44739CB}.Release|Any CPU.Build.0 = Release|Any CPU
		{04D675A3-B794-44BD-A25C-673BB44739CB}.Release|Mixed Platforms.ActiveCfg = Release|Any CPU
		{04D675A3-B794-44BD-A25C-673BB44739CB}.Release|Mixed Platforms.Build.0 = Release|Any CPU
		{04D675A3-B794-44BD-A25C-673BB44739CB}.Release|x86.ActiveCfg = Release|Any CPU
		{5183434D-BBD0-47FE-9ECE-A58C4AF5E914}.Debug|Any CPU.ActiveCfg = Debug|Any CPU
		{5183434D-BBD0-47FE-9ECE-A58C4AF5E914}.Debug|Any CPU.Build.0 = Debug|Any CPU
		{5183434D-BBD0-47FE-9ECE-A58C4AF5E914}.Debug|Mixed Platforms.ActiveCfg = Debug|Any CPU
		{5183434D-BBD0-47FE-9ECE-A58C4AF5E914}.Debug|Mixed Platforms.Build.0 = Debug|Any CPU
		{5183434D-BBD0-47FE-9ECE-A58C4AF5E914}.Debug|x86.ActiveCfg = Debug|Any CPU
		{5183434D-BBD0-47FE-9ECE-A58C4AF5E914}.Release|Any CPU.ActiveCfg = Release|Any CPU
		{5183434D-BBD0-47FE-9ECE-A58C4AF5E914}.Release|Any CPU.Build.0 = Release|Any CPU
		{5183434D-BBD0-47FE-9ECE-A58C4AF5E914}.Release|Mixed Platforms.ActiveCfg = Release|Any CPU
		{5183434D-BBD0-47FE-9ECE-A58C4AF5E914}.Release|Mixed Platforms.Build.0 = Release|Any CPU
		{5183434D-BBD0-47FE-9ECE-A58C4AF5E914}.Release|x86.ActiveCfg = Release|Any CPU
		{09AAF2C8-47DC-4F12-A3A0-130DCDB1495B}.Debug|Any CPU.ActiveCfg = Debug|Any CPU
		{09AAF2C8-47DC-4F12-A3A0-130DCDB1495B}.Debug|Any CPU.Build.0 = Debug|Any CPU
		{09AAF2C8-47DC-4F12-A3A0-130DCDB1495B}.Debug|Mixed Platforms.ActiveCfg = Debug|Any CPU
		{09AAF2C8-47DC-4F12-A3A0-130DCDB1495B}.Debug|Mixed Platforms.Build.0 = Debug|Any CPU
		{09AAF2C8-47DC-4F12-A3A0-130DCDB1495B}.Debug|x86.ActiveCfg = Debug|Any CPU
		{09AAF2C8-47DC-4F12-A3A0-130DCDB1495B}.Release|Any CPU.ActiveCfg = Release|Any CPU
		{09AAF2C8-47DC-4F12-A3A0-130DCDB1495B}.Release|Any CPU.Build.0 = Release|Any CPU
		{09AAF2C8-47DC-4F12-A3A0-130DCDB1495B}.Release|Mixed Platforms.ActiveCfg = Release|Any CPU
		{09AAF2C8-47DC-4F12-A3A0-130DCDB1495B}.Release|Mixed Platforms.Build.0 = Release|Any CPU
		{09AAF2C8-47DC-4F12-A3A0-130DCDB1495B}.Release|x86.ActiveCfg = Release|Any CPU
		{4C9F89CE-4D69-4CC9-B8AB-602CC69D1549}.Debug|Any CPU.ActiveCfg = Debug|Any CPU
		{4C9F89CE-4D69-4CC9-B8AB-602CC69D1549}.Debug|Any CPU.Build.0 = Debug|Any CPU
		{4C9F89CE-4D69-4CC9-B8AB-602CC69D1549}.Debug|Mixed Platforms.ActiveCfg = Debug|Any CPU
		{4C9F89CE-4D69-4CC9-B8AB-602CC69D1549}.Debug|Mixed Platforms.Build.0 = Debug|Any CPU
		{4C9F89CE-4D69-4CC9-B8AB-602CC69D1549}.Debug|x86.ActiveCfg = Debug|Any CPU
		{4C9F89CE-4D69-4CC9-B8AB-602CC69D1549}.Release|Any CPU.ActiveCfg = Release|Any CPU
		{4C9F89CE-4D69-4CC9-B8AB-602CC69D1549}.Release|Any CPU.Build.0 = Release|Any CPU
		{4C9F89CE-4D69-4CC9-B8AB-602CC69D1549}.Release|Mixed Platforms.ActiveCfg = Release|Any CPU
		{4C9F89CE-4D69-4CC9-B8AB-602CC69D1549}.Release|Mixed Platforms.Build.0 = Release|Any CPU
		{4C9F89CE-4D69-4CC9-B8AB-602CC69D1549}.Release|x86.ActiveCfg = Release|Any CPU
		{DEE5E8A5-D459-4077-AF31-9F184A20BF79}.Debug|Any CPU.ActiveCfg = Debug|Any CPU
		{DEE5E8A5-D459-4077-AF31-9F184A20BF79}.Debug|Any CPU.Build.0 = Debug|Any CPU
		{DEE5E8A5-D459-4077-AF31-9F184A20BF79}.Debug|Mixed Platforms.ActiveCfg = Debug|Any CPU
		{DEE5E8A5-D459-4077-AF31-9F184A20BF79}.Debug|Mixed Platforms.Build.0 = Debug|Any CPU
		{DEE5E8A5-D459-4077-AF31-9F184A20BF79}.Debug|x86.ActiveCfg = Debug|Any CPU
		{DEE5E8A5-D459-4077-AF31-9F184A20BF79}.Release|Any CPU.ActiveCfg = Release|Any CPU
		{DEE5E8A5-D459-4077-AF31-9F184A20BF79}.Release|Any CPU.Build.0 = Release|Any CPU
		{DEE5E8A5-D459-4077-AF31-9F184A20BF79}.Release|Mixed Platforms.ActiveCfg = Release|Any CPU
		{DEE5E8A5-D459-4077-AF31-9F184A20BF79}.Release|Mixed Platforms.Build.0 = Release|Any CPU
		{DEE5E8A5-D459-4077-AF31-9F184A20BF79}.Release|x86.ActiveCfg = Release|Any CPU
		{DA3104C8-3CA7-4A8E-A434-E9A64D5A490A}.Debug|Any CPU.ActiveCfg = Debug|Any CPU
		{DA3104C8-3CA7-4A8E-A434-E9A64D5A490A}.Debug|Any CPU.Build.0 = Debug|Any CPU
		{DA3104C8-3CA7-4A8E-A434-E9A64D5A490A}.Debug|Mixed Platforms.ActiveCfg = Debug|Any CPU
		{DA3104C8-3CA7-4A8E-A434-E9A64D5A490A}.Debug|Mixed Platforms.Build.0 = Debug|Any CPU
		{DA3104C8-3CA7-4A8E-A434-E9A64D5A490A}.Debug|x86.ActiveCfg = Debug|Any CPU
		{DA3104C8-3CA7-4A8E-A434-E9A64D5A490A}.Release|Any CPU.ActiveCfg = Release|Any CPU
		{DA3104C8-3CA7-4A8E-A434-E9A64D5A490A}.Release|Any CPU.Build.0 = Release|Any CPU
		{DA3104C8-3CA7-4A8E-A434-E9A64D5A490A}.Release|Mixed Platforms.ActiveCfg = Release|Any CPU
		{DA3104C8-3CA7-4A8E-A434-E9A64D5A490A}.Release|Mixed Platforms.Build.0 = Release|Any CPU
		{DA3104C8-3CA7-4A8E-A434-E9A64D5A490A}.Release|x86.ActiveCfg = Release|Any CPU
		{362BCA31-F187-4023-A9E6-C76417A7C9C9}.Debug|Any CPU.ActiveCfg = Debug|Any CPU
		{362BCA31-F187-4023-A9E6-C76417A7C9C9}.Debug|Any CPU.Build.0 = Debug|Any CPU
		{362BCA31-F187-4023-A9E6-C76417A7C9C9}.Debug|Mixed Platforms.ActiveCfg = Debug|Any CPU
		{362BCA31-F187-4023-A9E6-C76417A7C9C9}.Debug|Mixed Platforms.Build.0 = Debug|Any CPU
		{362BCA31-F187-4023-A9E6-C76417A7C9C9}.Debug|x86.ActiveCfg = Debug|Any CPU
		{362BCA31-F187-4023-A9E6-C76417A7C9C9}.Release|Any CPU.ActiveCfg = Release|Any CPU
		{362BCA31-F187-4023-A9E6-C76417A7C9C9}.Release|Any CPU.Build.0 = Release|Any CPU
		{362BCA31-F187-4023-A9E6-C76417A7C9C9}.Release|Mixed Platforms.ActiveCfg = Release|Any CPU
		{362BCA31-F187-4023-A9E6-C76417A7C9C9}.Release|Mixed Platforms.Build.0 = Release|Any CPU
		{362BCA31-F187-4023-A9E6-C76417A7C9C9}.Release|x86.ActiveCfg = Release|Any CPU
		{1B99F045-E694-4590-9308-3549A65CE3C0}.Debug|Any CPU.ActiveCfg = Debug|Any CPU
		{1B99F045-E694-4590-9308-3549A65CE3C0}.Debug|Any CPU.Build.0 = Debug|Any CPU
		{1B99F045-E694-4590-9308-3549A65CE3C0}.Debug|Mixed Platforms.ActiveCfg = Debug|Any CPU
		{1B99F045-E694-4590-9308-3549A65CE3C0}.Debug|Mixed Platforms.Build.0 = Debug|Any CPU
		{1B99F045-E694-4590-9308-3549A65CE3C0}.Debug|x86.ActiveCfg = Debug|Any CPU
		{1B99F045-E694-4590-9308-3549A65CE3C0}.Release|Any CPU.ActiveCfg = Release|Any CPU
		{1B99F045-E694-4590-9308-3549A65CE3C0}.Release|Any CPU.Build.0 = Release|Any CPU
		{1B99F045-E694-4590-9308-3549A65CE3C0}.Release|Mixed Platforms.ActiveCfg = Release|Any CPU
		{1B99F045-E694-4590-9308-3549A65CE3C0}.Release|Mixed Platforms.Build.0 = Release|Any CPU
		{1B99F045-E694-4590-9308-3549A65CE3C0}.Release|x86.ActiveCfg = Release|Any CPU
		{E2029314-D463-46F3-8293-EB045E5CF17A}.Debug|Any CPU.ActiveCfg = Debug|Any CPU
		{E2029314-D463-46F3-8293-EB045E5CF17A}.Debug|Any CPU.Build.0 = Debug|Any CPU
		{E2029314-D463-46F3-8293-EB045E5CF17A}.Debug|Mixed Platforms.ActiveCfg = Debug|Any CPU
		{E2029314-D463-46F3-8293-EB045E5CF17A}.Debug|Mixed Platforms.Build.0 = Debug|Any CPU
		{E2029314-D463-46F3-8293-EB045E5CF17A}.Debug|x86.ActiveCfg = Debug|Any CPU
		{E2029314-D463-46F3-8293-EB045E5CF17A}.Release|Any CPU.ActiveCfg = Release|Any CPU
		{E2029314-D463-46F3-8293-EB045E5CF17A}.Release|Any CPU.Build.0 = Release|Any CPU
		{E2029314-D463-46F3-8293-EB045E5CF17A}.Release|Mixed Platforms.ActiveCfg = Release|Any CPU
		{E2029314-D463-46F3-8293-EB045E5CF17A}.Release|Mixed Platforms.Build.0 = Release|Any CPU
		{E2029314-D463-46F3-8293-EB045E5CF17A}.Release|x86.ActiveCfg = Release|Any CPU
		{D5A24C13-39D3-4A38-84B0-1DD28F2A26A3}.Debug|Any CPU.ActiveCfg = Debug|Any CPU
		{D5A24C13-39D3-4A38-84B0-1DD28F2A26A3}.Debug|Any CPU.Build.0 = Debug|Any CPU
		{D5A24C13-39D3-4A38-84B0-1DD28F2A26A3}.Debug|Mixed Platforms.ActiveCfg = Debug|Any CPU
		{D5A24C13-39D3-4A38-84B0-1DD28F2A26A3}.Debug|Mixed Platforms.Build.0 = Debug|Any CPU
		{D5A24C13-39D3-4A38-84B0-1DD28F2A26A3}.Debug|x86.ActiveCfg = Debug|Any CPU
		{D5A24C13-39D3-4A38-84B0-1DD28F2A26A3}.Release|Any CPU.ActiveCfg = Release|Any CPU
		{D5A24C13-39D3-4A38-84B0-1DD28F2A26A3}.Release|Any CPU.Build.0 = Release|Any CPU
		{D5A24C13-39D3-4A38-84B0-1DD28F2A26A3}.Release|Mixed Platforms.ActiveCfg = Release|Any CPU
		{D5A24C13-39D3-4A38-84B0-1DD28F2A26A3}.Release|Mixed Platforms.Build.0 = Release|Any CPU
		{D5A24C13-39D3-4A38-84B0-1DD28F2A26A3}.Release|x86.ActiveCfg = Release|Any CPU
		{DB1A84DC-06FA-4396-9CA0-E7D7C9833EBA}.Debug|Any CPU.ActiveCfg = Debug|Any CPU
		{DB1A84DC-06FA-4396-9CA0-E7D7C9833EBA}.Debug|Any CPU.Build.0 = Debug|Any CPU
		{DB1A84DC-06FA-4396-9CA0-E7D7C9833EBA}.Debug|Mixed Platforms.ActiveCfg = Debug|Any CPU
		{DB1A84DC-06FA-4396-9CA0-E7D7C9833EBA}.Debug|Mixed Platforms.Build.0 = Debug|Any CPU
		{DB1A84DC-06FA-4396-9CA0-E7D7C9833EBA}.Debug|x86.ActiveCfg = Debug|Any CPU
		{DB1A84DC-06FA-4396-9CA0-E7D7C9833EBA}.Release|Any CPU.ActiveCfg = Release|Any CPU
		{DB1A84DC-06FA-4396-9CA0-E7D7C9833EBA}.Release|Any CPU.Build.0 = Release|Any CPU
		{DB1A84DC-06FA-4396-9CA0-E7D7C9833EBA}.Release|Mixed Platforms.ActiveCfg = Release|Any CPU
		{DB1A84DC-06FA-4396-9CA0-E7D7C9833EBA}.Release|Mixed Platforms.Build.0 = Release|Any CPU
		{DB1A84DC-06FA-4396-9CA0-E7D7C9833EBA}.Release|x86.ActiveCfg = Release|Any CPU
		{3A5063AC-F115-4849-8113-1DE1AACD61B7}.Debug|Any CPU.ActiveCfg = Debug|Any CPU
		{3A5063AC-F115-4849-8113-1DE1AACD61B7}.Debug|Any CPU.Build.0 = Debug|Any CPU
		{3A5063AC-F115-4849-8113-1DE1AACD61B7}.Debug|Mixed Platforms.ActiveCfg = Debug|Any CPU
		{3A5063AC-F115-4849-8113-1DE1AACD61B7}.Debug|Mixed Platforms.Build.0 = Debug|Any CPU
		{3A5063AC-F115-4849-8113-1DE1AACD61B7}.Debug|x86.ActiveCfg = Debug|Any CPU
		{3A5063AC-F115-4849-8113-1DE1AACD61B7}.Release|Any CPU.ActiveCfg = Release|Any CPU
		{3A5063AC-F115-4849-8113-1DE1AACD61B7}.Release|Any CPU.Build.0 = Release|Any CPU
		{3A5063AC-F115-4849-8113-1DE1AACD61B7}.Release|Mixed Platforms.ActiveCfg = Release|Any CPU
		{3A5063AC-F115-4849-8113-1DE1AACD61B7}.Release|Mixed Platforms.Build.0 = Release|Any CPU
		{3A5063AC-F115-4849-8113-1DE1AACD61B7}.Release|x86.ActiveCfg = Release|Any CPU
		{B8E1E08A-F3BF-40C4-8C56-7887CE50C2CE}.Debug|Any CPU.ActiveCfg = Debug|Any CPU
		{B8E1E08A-F3BF-40C4-8C56-7887CE50C2CE}.Debug|Any CPU.Build.0 = Debug|Any CPU
		{B8E1E08A-F3BF-40C4-8C56-7887CE50C2CE}.Debug|Mixed Platforms.ActiveCfg = Debug|Any CPU
		{B8E1E08A-F3BF-40C4-8C56-7887CE50C2CE}.Debug|Mixed Platforms.Build.0 = Debug|Any CPU
		{B8E1E08A-F3BF-40C4-8C56-7887CE50C2CE}.Debug|x86.ActiveCfg = Debug|Any CPU
		{B8E1E08A-F3BF-40C4-8C56-7887CE50C2CE}.Release|Any CPU.ActiveCfg = Release|Any CPU
		{B8E1E08A-F3BF-40C4-8C56-7887CE50C2CE}.Release|Any CPU.Build.0 = Release|Any CPU
		{B8E1E08A-F3BF-40C4-8C56-7887CE50C2CE}.Release|Mixed Platforms.ActiveCfg = Release|Any CPU
		{B8E1E08A-F3BF-40C4-8C56-7887CE50C2CE}.Release|Mixed Platforms.Build.0 = Release|Any CPU
		{B8E1E08A-F3BF-40C4-8C56-7887CE50C2CE}.Release|x86.ActiveCfg = Release|Any CPU
		{6F19EDB3-5775-41C7-9961-6585904046F1}.Debug|Any CPU.ActiveCfg = Debug|Any CPU
		{6F19EDB3-5775-41C7-9961-6585904046F1}.Debug|Any CPU.Build.0 = Debug|Any CPU
		{6F19EDB3-5775-41C7-9961-6585904046F1}.Debug|Mixed Platforms.ActiveCfg = Debug|Any CPU
		{6F19EDB3-5775-41C7-9961-6585904046F1}.Debug|Mixed Platforms.Build.0 = Debug|Any CPU
		{6F19EDB3-5775-41C7-9961-6585904046F1}.Debug|x86.ActiveCfg = Debug|Any CPU
		{6F19EDB3-5775-41C7-9961-6585904046F1}.Release|Any CPU.ActiveCfg = Release|Any CPU
		{6F19EDB3-5775-41C7-9961-6585904046F1}.Release|Any CPU.Build.0 = Release|Any CPU
		{6F19EDB3-5775-41C7-9961-6585904046F1}.Release|Mixed Platforms.ActiveCfg = Release|Any CPU
		{6F19EDB3-5775-41C7-9961-6585904046F1}.Release|Mixed Platforms.Build.0 = Release|Any CPU
		{6F19EDB3-5775-41C7-9961-6585904046F1}.Release|x86.ActiveCfg = Release|Any CPU
		{49060B66-B145-4425-BD2A-1848072F7E1D}.Debug|Any CPU.ActiveCfg = Debug|Any CPU
		{49060B66-B145-4425-BD2A-1848072F7E1D}.Debug|Any CPU.Build.0 = Debug|Any CPU
		{49060B66-B145-4425-BD2A-1848072F7E1D}.Debug|Mixed Platforms.ActiveCfg = Debug|Any CPU
		{49060B66-B145-4425-BD2A-1848072F7E1D}.Debug|Mixed Platforms.Build.0 = Debug|Any CPU
		{49060B66-B145-4425-BD2A-1848072F7E1D}.Debug|x86.ActiveCfg = Debug|Any CPU
		{49060B66-B145-4425-BD2A-1848072F7E1D}.Release|Any CPU.ActiveCfg = Release|Any CPU
		{49060B66-B145-4425-BD2A-1848072F7E1D}.Release|Any CPU.Build.0 = Release|Any CPU
		{49060B66-B145-4425-BD2A-1848072F7E1D}.Release|Mixed Platforms.ActiveCfg = Release|Any CPU
		{49060B66-B145-4425-BD2A-1848072F7E1D}.Release|Mixed Platforms.Build.0 = Release|Any CPU
		{49060B66-B145-4425-BD2A-1848072F7E1D}.Release|x86.ActiveCfg = Release|Any CPU
		{F558807E-3284-41E0-B15F-4EFF81954F56}.Debug|Any CPU.ActiveCfg = Debug|x86
		{F558807E-3284-41E0-B15F-4EFF81954F56}.Debug|Mixed Platforms.ActiveCfg = Debug|x86
		{F558807E-3284-41E0-B15F-4EFF81954F56}.Debug|Mixed Platforms.Build.0 = Debug|x86
		{F558807E-3284-41E0-B15F-4EFF81954F56}.Debug|x86.ActiveCfg = Debug|x86
		{F558807E-3284-41E0-B15F-4EFF81954F56}.Debug|x86.Build.0 = Debug|x86
		{F558807E-3284-41E0-B15F-4EFF81954F56}.Release|Any CPU.ActiveCfg = Release|x86
		{F558807E-3284-41E0-B15F-4EFF81954F56}.Release|Mixed Platforms.ActiveCfg = Release|x86
		{F558807E-3284-41E0-B15F-4EFF81954F56}.Release|Mixed Platforms.Build.0 = Release|x86
		{F558807E-3284-41E0-B15F-4EFF81954F56}.Release|x86.ActiveCfg = Release|x86
		{F558807E-3284-41E0-B15F-4EFF81954F56}.Release|x86.Build.0 = Release|x86
		{F51155B4-3B3C-4061-BC70-980045513CF2}.Debug|Any CPU.ActiveCfg = Debug|Any CPU
		{F51155B4-3B3C-4061-BC70-980045513CF2}.Debug|Any CPU.Build.0 = Debug|Any CPU
		{F51155B4-3B3C-4061-BC70-980045513CF2}.Debug|Mixed Platforms.ActiveCfg = Debug|Any CPU
		{F51155B4-3B3C-4061-BC70-980045513CF2}.Debug|Mixed Platforms.Build.0 = Debug|Any CPU
		{F51155B4-3B3C-4061-BC70-980045513CF2}.Debug|x86.ActiveCfg = Debug|Any CPU
		{F51155B4-3B3C-4061-BC70-980045513CF2}.Release|Any CPU.ActiveCfg = Release|Any CPU
		{F51155B4-3B3C-4061-BC70-980045513CF2}.Release|Any CPU.Build.0 = Release|Any CPU
		{F51155B4-3B3C-4061-BC70-980045513CF2}.Release|Mixed Platforms.ActiveCfg = Release|Any CPU
		{F51155B4-3B3C-4061-BC70-980045513CF2}.Release|Mixed Platforms.Build.0 = Release|Any CPU
		{F51155B4-3B3C-4061-BC70-980045513CF2}.Release|x86.ActiveCfg = Release|Any CPU
		{21A701D7-063B-48E9-AE2F-5586A954B830}.Debug|Any CPU.ActiveCfg = Debug|Any CPU
		{21A701D7-063B-48E9-AE2F-5586A954B830}.Debug|Any CPU.Build.0 = Debug|Any CPU
		{21A701D7-063B-48E9-AE2F-5586A954B830}.Debug|Mixed Platforms.ActiveCfg = Debug|Any CPU
		{21A701D7-063B-48E9-AE2F-5586A954B830}.Debug|Mixed Platforms.Build.0 = Debug|Any CPU
		{21A701D7-063B-48E9-AE2F-5586A954B830}.Debug|x86.ActiveCfg = Debug|Any CPU
		{21A701D7-063B-48E9-AE2F-5586A954B830}.Release|Any CPU.ActiveCfg = Release|Any CPU
		{21A701D7-063B-48E9-AE2F-5586A954B830}.Release|Any CPU.Build.0 = Release|Any CPU
		{21A701D7-063B-48E9-AE2F-5586A954B830}.Release|Mixed Platforms.ActiveCfg = Release|Any CPU
		{21A701D7-063B-48E9-AE2F-5586A954B830}.Release|Mixed Platforms.Build.0 = Release|Any CPU
		{21A701D7-063B-48E9-AE2F-5586A954B830}.Release|x86.ActiveCfg = Release|Any CPU
		{8B5CD550-1566-417C-8180-AA0F57AFE979}.Debug|Any CPU.ActiveCfg = Debug|Any CPU
		{8B5CD550-1566-417C-8180-AA0F57AFE979}.Debug|Any CPU.Build.0 = Debug|Any CPU
		{8B5CD550-1566-417C-8180-AA0F57AFE979}.Debug|Mixed Platforms.ActiveCfg = Debug|Any CPU
		{8B5CD550-1566-417C-8180-AA0F57AFE979}.Debug|Mixed Platforms.Build.0 = Debug|Any CPU
		{8B5CD550-1566-417C-8180-AA0F57AFE979}.Debug|x86.ActiveCfg = Debug|Any CPU
		{8B5CD550-1566-417C-8180-AA0F57AFE979}.Release|Any CPU.ActiveCfg = Release|Any CPU
		{8B5CD550-1566-417C-8180-AA0F57AFE979}.Release|Any CPU.Build.0 = Release|Any CPU
		{8B5CD550-1566-417C-8180-AA0F57AFE979}.Release|Mixed Platforms.ActiveCfg = Release|Any CPU
		{8B5CD550-1566-417C-8180-AA0F57AFE979}.Release|Mixed Platforms.Build.0 = Release|Any CPU
		{8B5CD550-1566-417C-8180-AA0F57AFE979}.Release|x86.ActiveCfg = Release|Any CPU
	EndGlobalSection
	GlobalSection(SolutionProperties) = preSolution
		HideSolutionNode = FALSE
	EndGlobalSection
	GlobalSection(NestedProjects) = preSolution
		{3DDFB2F3-C110-4F23-8A41-1EED592AAA69} = {4FDFAFD6-0002-4858-8DE8-B6CF9B23CFB4}
		{71F6074F-00FF-4A1D-877C-42B4648C4274} = {4FDFAFD6-0002-4858-8DE8-B6CF9B23CFB4}
		{50CBE1AE-0CEE-4873-B9D1-EEABC7CF21BE} = {4FDFAFD6-0002-4858-8DE8-B6CF9B23CFB4}
		{872999EA-7225-422E-A94D-6D60F8BE8723} = {3DDFB2F3-C110-4F23-8A41-1EED592AAA69}
		{9752EA78-4F32-416F-AB36-FA9A5BC85756} = {3DDFB2F3-C110-4F23-8A41-1EED592AAA69}
		{51362487-633E-4E00-A5D4-61C7208C60E7} = {872999EA-7225-422E-A94D-6D60F8BE8723}
		{932DB38A-6D68-4DE6-9AE4-A64D0DBD9538} = {872999EA-7225-422E-A94D-6D60F8BE8723}
		{E1388D5F-68DE-4627-9949-B91AC47DCB2B} = {872999EA-7225-422E-A94D-6D60F8BE8723}
		{106C7F00-C03F-4E29-87AF-ACD1BA292078} = {51362487-633E-4E00-A5D4-61C7208C60E7}
		{81CAB7AA-5235-42DB-82E6-2B4A0A1F9987} = {51362487-633E-4E00-A5D4-61C7208C60E7}
		{4C9F89CE-4D69-4CC9-B8AB-602CC69D1549} = {51362487-633E-4E00-A5D4-61C7208C60E7}
		{F51155B4-3B3C-4061-BC70-980045513CF2} = {51362487-633E-4E00-A5D4-61C7208C60E7}
		{04E88768-E790-4D06-B2D9-43595B4AEA1B} = {1ADC78DC-FB84-44D3-BE5E-EA5827C9E423}
		{3060CE7A-406F-4488-BA8D-94E62E0A1671} = {1ADC78DC-FB84-44D3-BE5E-EA5827C9E423}
		{B1BF9FF8-A09D-4B45-A0ED-CC7EAF4DA1A3} = {71F6074F-00FF-4A1D-877C-42B4648C4274}
		{04D675A3-B794-44BD-A25C-673BB44739CB} = {B1BF9FF8-A09D-4B45-A0ED-CC7EAF4DA1A3}
		{CE851D49-5626-4DB5-A527-18CEA44DB8AA} = {04E88768-E790-4D06-B2D9-43595B4AEA1B}
		{2A63B949-3E6A-4C33-9C55-A889DA774E02} = {9752EA78-4F32-416F-AB36-FA9A5BC85756}
		{56E42573-65AC-4467-9061-6B8C5219F658} = {9752EA78-4F32-416F-AB36-FA9A5BC85756}
		{09AAF2C8-47DC-4F12-A3A0-130DCDB1495B} = {2A63B949-3E6A-4C33-9C55-A889DA774E02}
		{1B99F045-E694-4590-9308-3549A65CE3C0} = {2A63B949-3E6A-4C33-9C55-A889DA774E02}
		{DEE5E8A5-D459-4077-AF31-9F184A20BF79} = {932DB38A-6D68-4DE6-9AE4-A64D0DBD9538}
		{DA3104C8-3CA7-4A8E-A434-E9A64D5A490A} = {932DB38A-6D68-4DE6-9AE4-A64D0DBD9538}
		{362BCA31-F187-4023-A9E6-C76417A7C9C9} = {932DB38A-6D68-4DE6-9AE4-A64D0DBD9538}
		{3A5063AC-F115-4849-8113-1DE1AACD61B7} = {932DB38A-6D68-4DE6-9AE4-A64D0DBD9538}
		{B8E1E08A-F3BF-40C4-8C56-7887CE50C2CE} = {932DB38A-6D68-4DE6-9AE4-A64D0DBD9538}
		{E2029314-D463-46F3-8293-EB045E5CF17A} = {56E42573-65AC-4467-9061-6B8C5219F658}
		{D5A24C13-39D3-4A38-84B0-1DD28F2A26A3} = {56E42573-65AC-4467-9061-6B8C5219F658}
		{DB1A84DC-06FA-4396-9CA0-E7D7C9833EBA} = {56E42573-65AC-4467-9061-6B8C5219F658}
		{78CE976A-AF9A-4702-BD0A-D044D7105F83} = {3060CE7A-406F-4488-BA8D-94E62E0A1671}
		{25F1E9A8-B1EE-4125-9A92-926517BEDC74} = {3060CE7A-406F-4488-BA8D-94E62E0A1671}
		{760B9456-1443-46C6-9C6F-B894C938B72A} = {78CE976A-AF9A-4702-BD0A-D044D7105F83}
		{5F2C748B-F534-4024-9284-4D7CEA9E52C9} = {78CE976A-AF9A-4702-BD0A-D044D7105F83}
		{7F302C0B-7C20-4CED-8E9A-C35E28C81889} = {760B9456-1443-46C6-9C6F-B894C938B72A}
		{F558807E-3284-41E0-B15F-4EFF81954F56} = {760B9456-1443-46C6-9C6F-B894C938B72A}
		{AA4119C8-9F2C-49B0-8318-E37655EEC494} = {25F1E9A8-B1EE-4125-9A92-926517BEDC74}
		{E2BF1E57-5E6C-4678-A187-22F2BCC89C4A} = {25F1E9A8-B1EE-4125-9A92-926517BEDC74}
		{6F19EDB3-5775-41C7-9961-6585904046F1} = {E2BF1E57-5E6C-4678-A187-22F2BCC89C4A}
		{49060B66-B145-4425-BD2A-1848072F7E1D} = {E2BF1E57-5E6C-4678-A187-22F2BCC89C4A}
		{5183434D-BBD0-47FE-9ECE-A58C4AF5E914} = {CE851D49-5626-4DB5-A527-18CEA44DB8AA}
		{21A701D7-063B-48E9-AE2F-5586A954B830} = {E1388D5F-68DE-4627-9949-B91AC47DCB2B}
		{8B5CD550-1566-417C-8180-AA0F57AFE979} = {E1388D5F-68DE-4627-9949-B91AC47DCB2B}
	EndGlobalSection
EndGlobal
